{
  "originHash" : "55df34735be77dde4d92b13fbd90e1b9ab472fa212519a415a896f5c0e895487",
  "pins" : [
    {
      "identity" : "appsflyerframework-static",
      "kind" : "remoteSourceControl",
      "location" : "https://github.com/AppsFlyerSDK/AppsFlyerFramework-Static",
      "state" : {
        "revision" : "23cebcf2889585a2686ccfcfce988c266c7f364a",
        "version" : "6.17.8"
      }
    }
  ],
  "version" : 3
}
